<Solution>
  <Folder Name="/src/">
    <Project Path="src/VirtualDisplayDriver/VirtualDisplayDriver.csproj" />
  </Folder>
  <Folder Name="/tests/">
    <Project Path="tests/VirtualDisplayDriver.IntegrationTests/VirtualDisplayDriver.IntegrationTests.csproj" />
    <Project Path="tests/VirtualDisplayDriver.Tests/VirtualDisplayDriver.Tests.csproj" />
  </Folder>
</Solution>
